
Microsoft Visual Studio Solution File, Format Version 12.00
# Visual Studio Version 16
VisualStudioVersion = 16.0.29306.81
MinimumVisualStudioVersion = 10.0.40219.1
Project("{888888A0-9F3D-457C-B088-3A5042F75D52}") = "DeepThought", "DeepThought.pyproj", "{56C1FDC3-5F09-4C58-8255-C11F6C512A2E}"
EndProject
Global
	GlobalSection(SolutionConfigurationPlatforms) = preSolution
		Debug|Any CPU = Debug|Any CPU
		Release|Any CPU = Release|Any CPU
	EndGlobalSection
	GlobalSection(ProjectConfigurationPlatforms) = postSolution
		{56C1FDC3-5F09-4C58-8255-C11F6C512A2E}.Debug|Any CPU.ActiveCfg = Debug|Any CPU
		{56C1FDC3-5F09-4C58-8255-C11F6C512A2E}.Release|Any CPU.ActiveCfg = Release|Any CPU
	EndGlobalSection
	GlobalSection(SolutionProperties) = preSolution
		HideSolutionNode = FALSE
	EndGlobalSection
	GlobalSection(ExtensibilityGlobals) = postSolution
		SolutionGuid = {565DBB68-C6D2-492D-BF94-C5383E211B62}
	EndGlobalSection
EndGlobal
